// !$*UTF8*$!
{
	archiveVersion = 1;
	classes = {
	};
	objectVersion = 56;
	objects = {

/* Begin PBXBuildFile section */
		FB209F9C2C8F9BB400642377 /* ButtonAlignmentModel.swift in Sources */ = {isa = PBXBuildFile; fileRef = FB209F9B2C8F9BB400642377 /* ButtonAlignmentModel.swift */; };
		FB31E1102C8EFD1200354509 /* ChartDemo4.swift in Sources */ = {isa = PBXBuildFile; fileRef = FB31E10F2C8EFD1200354509 /* ChartDemo4.swift */; };
		FB31E1122C8EFE3700354509 /* LeftChartButtonView.swift in Sources */ = {isa = PBXBuildFile; fileRef = FB31E1112C8EFE3700354509 /* LeftChartButtonView.swift */; };
		FB31E1142C8F01B400354509 /* RightChartButtonView.swift in Sources */ = {isa = PBXBuildFile; fileRef = FB31E1132C8F01B400354509 /* RightChartButtonView.swift */; };
		FB31E1162C8F055400354509 /* TitleAlignmentButton.swift in Sources */ = {isa = PBXBuildFile; fileRef = FB31E1152C8F055400354509 /* TitleAlignmentButton.swift */; };
		FB49E3782C9036F0000E064F /* ChartItemModel.swift in Sources */ = {isa = PBXBuildFile; fileRef = FB49E3772C9036F0000E064F /* ChartItemModel.swift */; };
		FB7177E22C8D805E006E9826 /* BorderedRectangleView.swift in Sources */ = {isa = PBXBuildFile; fileRef = FB7177E12C8D805E006E9826 /* BorderedRectangleView.swift */; };
		FB7177E42C8D8800006E9826 /* ChartDemo2.swift in Sources */ = {isa = PBXBuildFile; fileRef = FB7177E32C8D8800006E9826 /* ChartDemo2.swift */; };
		FB7177E62C8D9201006E9826 /* ChartDemo3.swift in Sources */ = {isa = PBXBuildFile; fileRef = FB7177E52C8D9201006E9826 /* ChartDemo3.swift */; };
		FB7177E82C8D9238006E9826 /* DailySalesType.swift in Sources */ = {isa = PBXBuildFile; fileRef = FB7177E72C8D9238006E9826 /* DailySalesType.swift */; };
		FB7E691A2C8FC51B001CB804 /* RuleMarkVerticalView.swift in Sources */ = {isa = PBXBuildFile; fileRef = FB7E69192C8FC51B001CB804 /* RuleMarkVerticalView.swift */; };
		FB7E88032C8DA566007BE5D5 /* ChartType.swift in Sources */ = {isa = PBXBuildFile; fileRef = FB7E88022C8DA566007BE5D5 /* ChartType.swift */; };
		FB8D1BAF2C8D552300A74EA3 /* Exploring_ChartsApp.swift in Sources */ = {isa = PBXBuildFile; fileRef = FB8D1BAE2C8D552300A74EA3 /* Exploring_ChartsApp.swift */; };
		FB8D1BB12C8D552300A74EA3 /* ContentView.swift in Sources */ = {isa = PBXBuildFile; fileRef = FB8D1BB02C8D552300A74EA3 /* ContentView.swift */; };
		FB8D1BB32C8D552400A74EA3 /* Assets.xcassets in Resources */ = {isa = PBXBuildFile; fileRef = FB8D1BB22C8D552400A74EA3 /* Assets.xcassets */; };
		FB8D1BB72C8D552400A74EA3 /* Preview Assets.xcassets in Resources */ = {isa = PBXBuildFile; fileRef = FB8D1BB62C8D552400A74EA3 /* Preview Assets.xcassets */; };
		FB8D1BC12C8D552400A74EA3 /* Exploring_ChartsTests.swift in Sources */ = {isa = PBXBuildFile; fileRef = FB8D1BC02C8D552400A74EA3 /* Exploring_ChartsTests.swift */; };
		FB8D1BCB2C8D552400A74EA3 /* Exploring_ChartsUITests.swift in Sources */ = {isa = PBXBuildFile; fileRef = FB8D1BCA2C8D552400A74EA3 /* Exploring_ChartsUITests.swift */; };
		FB8D1BCD2C8D552400A74EA3 /* Exploring_ChartsUITestsLaunchTests.swift in Sources */ = {isa = PBXBuildFile; fileRef = FB8D1BCC2C8D552400A74EA3 /* Exploring_ChartsUITestsLaunchTests.swift */; };
		FB8D1BDE2C8D558000A74EA3 /* ColorExtensions.swift in Sources */ = {isa = PBXBuildFile; fileRef = FB8D1BDD2C8D558000A74EA3 /* ColorExtensions.swift */; };
		FB8D1BE42C8D591400A74EA3 /* ColorfulButtonView.swift in Sources */ = {isa = PBXBuildFile; fileRef = FB8D1BE32C8D591400A74EA3 /* ColorfulButtonView.swift */; };
		FB8D1BE62C8D593A00A74EA3 /* RandomArcFromColorsView.swift in Sources */ = {isa = PBXBuildFile; fileRef = FB8D1BE52C8D593A00A74EA3 /* RandomArcFromColorsView.swift */; };
		FB8D1BE82C8D597E00A74EA3 /* ArcView.swift in Sources */ = {isa = PBXBuildFile; fileRef = FB8D1BE72C8D597E00A74EA3 /* ArcView.swift */; };
		FB8D1BEA2C8D599700A74EA3 /* ChartDemo1.swift in Sources */ = {isa = PBXBuildFile; fileRef = FB8D1BE92C8D599700A74EA3 /* ChartDemo1.swift */; };
		FB9EAA742C940F7E00BE8E2D /* DefaultColor.swift in Sources */ = {isa = PBXBuildFile; fileRef = FB9EAA732C940F7E00BE8E2D /* DefaultColor.swift */; };
		FBAA25342C93B45500ED9372 /* AnnotateLineAreaGraph.swift in Sources */ = {isa = PBXBuildFile; fileRef = FBAA25332C93B45500ED9372 /* AnnotateLineAreaGraph.swift */; };
		FBAA25372C93B88B00ED9372 /* HorizontalChartDragModifier.swift in Sources */ = {isa = PBXBuildFile; fileRef = FBAA25362C93B88B00ED9372 /* HorizontalChartDragModifier.swift */; };
		FBAA25392C93BA9700ED9372 /* VerticalChartDragModifier.swift in Sources */ = {isa = PBXBuildFile; fileRef = FBAA25382C93BA9700ED9372 /* VerticalChartDragModifier.swift */; };
		FBD85F5D2C8E4E1E007A8650 /* BarChartHorizontalView.swift in Sources */ = {isa = PBXBuildFile; fileRef = FBD85F5C2C8E4E1E007A8650 /* BarChartHorizontalView.swift */; };
		FBD85F5F2C8E4E50007A8650 /* BarChartVerticalView.swift in Sources */ = {isa = PBXBuildFile; fileRef = FBD85F5E2C8E4E50007A8650 /* BarChartVerticalView.swift */; };
		FBD85F612C8E53DE007A8650 /* AreaChartHorizontalView.swift in Sources */ = {isa = PBXBuildFile; fileRef = FBD85F602C8E53DE007A8650 /* AreaChartHorizontalView.swift */; };
		FBD85F632C8E53F2007A8650 /* LineAreaChartHorizontalView.swift in Sources */ = {isa = PBXBuildFile; fileRef = FBD85F622C8E53F2007A8650 /* LineAreaChartHorizontalView.swift */; };
		FBD85F652C8E5404007A8650 /* AreaChartVerticalView.swift in Sources */ = {isa = PBXBuildFile; fileRef = FBD85F642C8E5404007A8650 /* AreaChartVerticalView.swift */; };
		FBD85F672C8E5416007A8650 /* LineAreaChartVerticalView.swift in Sources */ = {isa = PBXBuildFile; fileRef = FBD85F662C8E5416007A8650 /* LineAreaChartVerticalView.swift */; };
		FBD85F6A2C8E544E007A8650 /* ChartValueHelper.swift in Sources */ = {isa = PBXBuildFile; fileRef = FBD85F692C8E544E007A8650 /* ChartValueHelper.swift */; };
		FBE49B9D2C93114B00100DCB /* RuleMarkHorizontalView.swift in Sources */ = {isa = PBXBuildFile; fileRef = FBE49B9C2C93114B00100DCB /* RuleMarkHorizontalView.swift */; };
/* End PBXBuildFile section */

/* Begin PBXContainerItemProxy section */
		FB8D1BBD2C8D552400A74EA3 /* PBXContainerItemProxy */ = {
			isa = PBXContainerItemProxy;
			containerPortal = FB8D1BA32C8D552300A74EA3 /* Project object */;
			proxyType = 1;
			remoteGlobalIDString = FB8D1BAA2C8D552300A74EA3;
			remoteInfo = "Exploring Charts";
		};
		FB8D1BC72C8D552400A74EA3 /* PBXContainerItemProxy */ = {
			isa = PBXContainerItemProxy;
			containerPortal = FB8D1BA32C8D552300A74EA3 /* Project object */;
			proxyType = 1;
			remoteGlobalIDString = FB8D1BAA2C8D552300A74EA3;
			remoteInfo = "Exploring Charts";
		};
/* End PBXContainerItemProxy section */

/* Begin PBXFileReference section */
		FB209F9B2C8F9BB400642377 /* ButtonAlignmentModel.swift */ = {isa = PBXFileReference; lastKnownFileType = sourcecode.swift; path = ButtonAlignmentModel.swift; sourceTree = "<group>"; };
		FB31E10F2C8EFD1200354509 /* ChartDemo4.swift */ = {isa = PBXFileReference; lastKnownFileType = sourcecode.swift; path = ChartDemo4.swift; sourceTree = "<group>"; };
		FB31E1112C8EFE3700354509 /* LeftChartButtonView.swift */ = {isa = PBXFileReference; lastKnownFileType = sourcecode.swift; path = LeftChartButtonView.swift; sourceTree = "<group>"; };
		FB31E1132C8F01B400354509 /* RightChartButtonView.swift */ = {isa = PBXFileReference; lastKnownFileType = sourcecode.swift; path = RightChartButtonView.swift; sourceTree = "<group>"; };
		FB31E1152C8F055400354509 /* TitleAlignmentButton.swift */ = {isa = PBXFileReference; lastKnownFileType = sourcecode.swift; path = TitleAlignmentButton.swift; sourceTree = "<group>"; };
		FB49E3772C9036F0000E064F /* ChartItemModel.swift */ = {isa = PBXFileReference; lastKnownFileType = sourcecode.swift; path = ChartItemModel.swift; sourceTree = "<group>"; };
		FB7177E12C8D805E006E9826 /* BorderedRectangleView.swift */ = {isa = PBXFileReference; lastKnownFileType = sourcecode.swift; path = BorderedRectangleView.swift; sourceTree = "<group>"; };
		FB7177E32C8D8800006E9826 /* ChartDemo2.swift */ = {isa = PBXFileReference; lastKnownFileType = sourcecode.swift; path = ChartDemo2.swift; sourceTree = "<group>"; };
		FB7177E52C8D9201006E9826 /* ChartDemo3.swift */ = {isa = PBXFileReference; lastKnownFileType = sourcecode.swift; path = ChartDemo3.swift; sourceTree = "<group>"; };
		FB7177E72C8D9238006E9826 /* DailySalesType.swift */ = {isa = PBXFileReference; lastKnownFileType = sourcecode.swift; path = DailySalesType.swift; sourceTree = "<group>"; };
		FB7E69192C8FC51B001CB804 /* RuleMarkVerticalView.swift */ = {isa = PBXFileReference; lastKnownFileType = sourcecode.swift; path = RuleMarkVerticalView.swift; sourceTree = "<group>"; };
		FB7E88022C8DA566007BE5D5 /* ChartType.swift */ = {isa = PBXFileReference; lastKnownFileType = sourcecode.swift; path = ChartType.swift; sourceTree = "<group>"; };
		FB8D1BAB2C8D552300A74EA3 /* Exploring Charts.app */ = {isa = PBXFileReference; explicitFileType = wrapper.application; includeInIndex = 0; path = "Exploring Charts.app"; sourceTree = BUILT_PRODUCTS_DIR; };
		FB8D1BAE2C8D552300A74EA3 /* Exploring_ChartsApp.swift */ = {isa = PBXFileReference; lastKnownFileType = sourcecode.swift; path = Exploring_ChartsApp.swift; sourceTree = "<group>"; };
		FB8D1BB02C8D552300A74EA3 /* ContentView.swift */ = {isa = PBXFileReference; lastKnownFileType = sourcecode.swift; path = ContentView.swift; sourceTree = "<group>"; };
		FB8D1BB22C8D552400A74EA3 /* Assets.xcassets */ = {isa = PBXFileReference; lastKnownFileType = folder.assetcatalog; path = Assets.xcassets; sourceTree = "<group>"; };
		FB8D1BB42C8D552400A74EA3 /* Exploring_Charts.entitlements */ = {isa = PBXFileReference; lastKnownFileType = text.plist.entitlements; path = Exploring_Charts.entitlements; sourceTree = "<group>"; };
		FB8D1BB62C8D552400A74EA3 /* Preview Assets.xcassets */ = {isa = PBXFileReference; lastKnownFileType = folder.assetcatalog; path = "Preview Assets.xcassets"; sourceTree = "<group>"; };
		FB8D1BBC2C8D552400A74EA3 /* Exploring ChartsTests.xctest */ = {isa = PBXFileReference; explicitFileType = wrapper.cfbundle; includeInIndex = 0; path = "Exploring ChartsTests.xctest"; sourceTree = BUILT_PRODUCTS_DIR; };
		FB8D1BC02C8D552400A74EA3 /* Exploring_ChartsTests.swift */ = {isa = PBXFileReference; lastKnownFileType = sourcecode.swift; path = Exploring_ChartsTests.swift; sourceTree = "<group>"; };
		FB8D1BC62C8D552400A74EA3 /* Exploring ChartsUITests.xctest */ = {isa = PBXFileReference; explicitFileType = wrapper.cfbundle; includeInIndex = 0; path = "Exploring ChartsUITests.xctest"; sourceTree = BUILT_PRODUCTS_DIR; };
		FB8D1BCA2C8D552400A74EA3 /* Exploring_ChartsUITests.swift */ = {isa = PBXFileReference; lastKnownFileType = sourcecode.swift; path = Exploring_ChartsUITests.swift; sourceTree = "<group>"; };
		FB8D1BCC2C8D552400A74EA3 /* Exploring_ChartsUITestsLaunchTests.swift */ = {isa = PBXFileReference; lastKnownFileType = sourcecode.swift; path = Exploring_ChartsUITestsLaunchTests.swift; sourceTree = "<group>"; };
		FB8D1BDD2C8D558000A74EA3 /* ColorExtensions.swift */ = {isa = PBXFileReference; lastKnownFileType = sourcecode.swift; path = ColorExtensions.swift; sourceTree = "<group>"; };
		FB8D1BE32C8D591400A74EA3 /* ColorfulButtonView.swift */ = {isa = PBXFileReference; lastKnownFileType = sourcecode.swift; path = ColorfulButtonView.swift; sourceTree = "<group>"; };
		FB8D1BE52C8D593A00A74EA3 /* RandomArcFromColorsView.swift */ = {isa = PBXFileReference; lastKnownFileType = sourcecode.swift; path = RandomArcFromColorsView.swift; sourceTree = "<group>"; };
		FB8D1BE72C8D597E00A74EA3 /* ArcView.swift */ = {isa = PBXFileReference; lastKnownFileType = sourcecode.swift; path = ArcView.swift; sourceTree = "<group>"; };
		FB8D1BE92C8D599700A74EA3 /* ChartDemo1.swift */ = {isa = PBXFileReference; lastKnownFileType = sourcecode.swift; path = ChartDemo1.swift; sourceTree = "<group>"; };
		FB9EAA732C940F7E00BE8E2D /* DefaultColor.swift */ = {isa = PBXFileReference; lastKnownFileType = sourcecode.swift; path = DefaultColor.swift; sourceTree = "<group>"; };
		FBAA25332C93B45500ED9372 /* AnnotateLineAreaGraph.swift */ = {isa = PBXFileReference; lastKnownFileType = sourcecode.swift; path = AnnotateLineAreaGraph.swift; sourceTree = "<group>"; };
		FBAA25362C93B88B00ED9372 /* HorizontalChartDragModifier.swift */ = {isa = PBXFileReference; lastKnownFileType = sourcecode.swift; path = HorizontalChartDragModifier.swift; sourceTree = "<group>"; };
		FBAA25382C93BA9700ED9372 /* VerticalChartDragModifier.swift */ = {isa = PBXFileReference; lastKnownFileType = sourcecode.swift; path = VerticalChartDragModifier.swift; sourceTree = "<group>"; };
		FBD85F5C2C8E4E1E007A8650 /* BarChartHorizontalView.swift */ = {isa = PBXFileReference; lastKnownFileType = sourcecode.swift; path = BarChartHorizontalView.swift; sourceTree = "<group>"; };
		FBD85F5E2C8E4E50007A8650 /* BarChartVerticalView.swift */ = {isa = PBXFileReference; lastKnownFileType = sourcecode.swift; path = BarChartVerticalView.swift; sourceTree = "<group>"; };
		FBD85F602C8E53DE007A8650 /* AreaChartHorizontalView.swift */ = {isa = PBXFileReference; lastKnownFileType = sourcecode.swift; path = AreaChartHorizontalView.swift; sourceTree = "<group>"; };
		FBD85F622C8E53F2007A8650 /* LineAreaChartHorizontalView.swift */ = {isa = PBXFileReference; lastKnownFileType = sourcecode.swift; path = LineAreaChartHorizontalView.swift; sourceTree = "<group>"; };
		FBD85F642C8E5404007A8650 /* AreaChartVerticalView.swift */ = {isa = PBXFileReference; lastKnownFileType = sourcecode.swift; path = AreaChartVerticalView.swift; sourceTree = "<group>"; };
		FBD85F662C8E5416007A8650 /* LineAreaChartVerticalView.swift */ = {isa = PBXFileReference; lastKnownFileType = sourcecode.swift; path = LineAreaChartVerticalView.swift; sourceTree = "<group>"; };
		FBD85F692C8E544E007A8650 /* ChartValueHelper.swift */ = {isa = PBXFileReference; lastKnownFileType = sourcecode.swift; path = ChartValueHelper.swift; sourceTree = "<group>"; };
		FBE49B9C2C93114B00100DCB /* RuleMarkHorizontalView.swift */ = {isa = PBXFileReference; lastKnownFileType = sourcecode.swift; path = RuleMarkHorizontalView.swift; sourceTree = "<group>"; };
/* End PBXFileReference section */

/* Begin PBXFrameworksBuildPhase section */
		FB8D1BA82C8D552300A74EA3 /* Frameworks */ = {
			isa = PBXFrameworksBuildPhase;
			buildActionMask = 2147483647;
			files = (
			);
			runOnlyForDeploymentPostprocessing = 0;
		};
		FB8D1BB92C8D552400A74EA3 /* Frameworks */ = {
			isa = PBXFrameworksBuildPhase;
			buildActionMask = 2147483647;
			files = (
			);
			runOnlyForDeploymentPostprocessing = 0;
		};
		FB8D1BC32C8D552400A74EA3 /* Frameworks */ = {
			isa = PBXFrameworksBuildPhase;
			buildActionMask = 2147483647;
			files = (
			);
			runOnlyForDeploymentPostprocessing = 0;
		};
/* End PBXFrameworksBuildPhase section */

/* Begin PBXGroup section */
		FB7177E02C8D8034006E9826 /* component */ = {
			isa = PBXGroup;
			children = (
				FB7177E12C8D805E006E9826 /* BorderedRectangleView.swift */,
			);
			path = component;
			sourceTree = "<group>";
		};
		FB7E69172C8FC4B2001CB804 /* custom */ = {
			isa = PBXGroup;
			children = (
				FB8D1BE52C8D593A00A74EA3 /* RandomArcFromColorsView.swift */,
				FB8D1BE72C8D597E00A74EA3 /* ArcView.swift */,
			);
			path = custom;
			sourceTree = "<group>";
		};
		FB7E69182C8FC508001CB804 /* component */ = {
			isa = PBXGroup;
			children = (
				FB7E69192C8FC51B001CB804 /* RuleMarkVerticalView.swift */,
				FBE49B9C2C93114B00100DCB /* RuleMarkHorizontalView.swift */,
				FBAA25332C93B45500ED9372 /* AnnotateLineAreaGraph.swift */,
			);
			path = component;
			sourceTree = "<group>";
		};
		FB8D1BA22C8D552300A74EA3 = {
			isa = PBXGroup;
			children = (
				FB8D1BAD2C8D552300A74EA3 /* Exploring Charts */,
				FB8D1BBF2C8D552400A74EA3 /* Exploring ChartsTests */,
				FB8D1BC92C8D552400A74EA3 /* Exploring ChartsUITests */,
				FB8D1BAC2C8D552300A74EA3 /* Products */,
			);
			sourceTree = "<group>";
		};
		FB8D1BAC2C8D552300A74EA3 /* Products */ = {
			isa = PBXGroup;
			children = (
				FB8D1BAB2C8D552300A74EA3 /* Exploring Charts.app */,
				FB8D1BBC2C8D552400A74EA3 /* Exploring ChartsTests.xctest */,
				FB8D1BC62C8D552400A74EA3 /* Exploring ChartsUITests.xctest */,
			);
			name = Products;
			sourceTree = "<group>";
		};
		FB8D1BAD2C8D552300A74EA3 /* Exploring Charts */ = {
			isa = PBXGroup;
			children = (
				FB8D1BDC2C8D556B00A74EA3 /* extensions */,
				FB8D1BDB2C8D556400A74EA3 /* viewModel */,
				FB8D1BDA2C8D555F00A74EA3 /* model */,
				FB8D1BD92C8D555A00A74EA3 /* view */,
				FB8D1BAE2C8D552300A74EA3 /* Exploring_ChartsApp.swift */,
				FB8D1BB22C8D552400A74EA3 /* Assets.xcassets */,
				FB8D1BB42C8D552400A74EA3 /* Exploring_Charts.entitlements */,
				FB8D1BB52C8D552400A74EA3 /* Preview Content */,
			);
			path = "Exploring Charts";
			sourceTree = "<group>";
		};
		FB8D1BB52C8D552400A74EA3 /* Preview Content */ = {
			isa = PBXGroup;
			children = (
				FB8D1BB62C8D552400A74EA3 /* Preview Assets.xcassets */,
			);
			path = "Preview Content";
			sourceTree = "<group>";
		};
		FB8D1BBF2C8D552400A74EA3 /* Exploring ChartsTests */ = {
			isa = PBXGroup;
			children = (
				FB8D1BC02C8D552400A74EA3 /* Exploring_ChartsTests.swift */,
			);
			path = "Exploring ChartsTests";
			sourceTree = "<group>";
		};
		FB8D1BC92C8D552400A74EA3 /* Exploring ChartsUITests */ = {
			isa = PBXGroup;
			children = (
				FB8D1BCA2C8D552400A74EA3 /* Exploring_ChartsUITests.swift */,
				FB8D1BCC2C8D552400A74EA3 /* Exploring_ChartsUITestsLaunchTests.swift */,
			);
			path = "Exploring ChartsUITests";
			sourceTree = "<group>";
		};
		FB8D1BD92C8D555A00A74EA3 /* view */ = {
			isa = PBXGroup;
			children = (
				FB8D1BE12C8D58EF00A74EA3 /* component */,
				FB8D1BB02C8D552300A74EA3 /* ContentView.swift */,
				FB8D1BE92C8D599700A74EA3 /* ChartDemo1.swift */,
				FB7177E32C8D8800006E9826 /* ChartDemo2.swift */,
				FB7177E52C8D9201006E9826 /* ChartDemo3.swift */,
				FB31E10F2C8EFD1200354509 /* ChartDemo4.swift */,
			);
			path = view;
			sourceTree = "<group>";
		};
		FB8D1BDA2C8D555F00A74EA3 /* model */ = {
			isa = PBXGroup;
			children = (
				FB9EAA732C940F7E00BE8E2D /* DefaultColor.swift */,
				FB7177E72C8D9238006E9826 /* DailySalesType.swift */,
				FB7E88022C8DA566007BE5D5 /* ChartType.swift */,
				FB209F9B2C8F9BB400642377 /* ButtonAlignmentModel.swift */,
				FB49E3772C9036F0000E064F /* ChartItemModel.swift */,
			);
			path = model;
			sourceTree = "<group>";
		};
		FB8D1BDB2C8D556400A74EA3 /* viewModel */ = {
			isa = PBXGroup;
			children = (
			);
			path = viewModel;
			sourceTree = "<group>";
		};
		FB8D1BDC2C8D556B00A74EA3 /* extensions */ = {
			isa = PBXGroup;
			children = (
				FB8D1BDD2C8D558000A74EA3 /* ColorExtensions.swift */,
			);
			path = extensions;
			sourceTree = "<group>";
		};
		FB8D1BE12C8D58EF00A74EA3 /* component */ = {
			isa = PBXGroup;
			children = (
				FB7E69172C8FC4B2001CB804 /* custom */,
				FBD85F5B2C8E4DEB007A8650 /* chartView */,
				FB8D1BE22C8D58FE00A74EA3 /* button */,
			);
			path = component;
			sourceTree = "<group>";
		};
		FB8D1BE22C8D58FE00A74EA3 /* button */ = {
			isa = PBXGroup;
			children = (
				FB7177E02C8D8034006E9826 /* component */,
				FB8D1BE32C8D591400A74EA3 /* ColorfulButtonView.swift */,
				FB31E1112C8EFE3700354509 /* LeftChartButtonView.swift */,
				FB31E1132C8F01B400354509 /* RightChartButtonView.swift */,
				FB31E1152C8F055400354509 /* TitleAlignmentButton.swift */,
			);
			path = button;
			sourceTree = "<group>";
		};
		FBAA25312C93B19100ED9372 /* verticalChart */ = {
			isa = PBXGroup;
			children = (
				FBD85F5E2C8E4E50007A8650 /* BarChartVerticalView.swift */,
				FBD85F662C8E5416007A8650 /* LineAreaChartVerticalView.swift */,
				FBD85F642C8E5404007A8650 /* AreaChartVerticalView.swift */,
			);
			path = verticalChart;
			sourceTree = "<group>";
		};
		FBAA25322C93B19B00ED9372 /* horizontalChart */ = {
			isa = PBXGroup;
			children = (
				FBD85F5C2C8E4E1E007A8650 /* BarChartHorizontalView.swift */,
				FBD85F622C8E53F2007A8650 /* LineAreaChartHorizontalView.swift */,
				FBD85F602C8E53DE007A8650 /* AreaChartHorizontalView.swift */,
			);
			path = horizontalChart;
			sourceTree = "<group>";
		};
		FBAA25352C93B87400ED9372 /* modifier */ = {
			isa = PBXGroup;
			children = (
				FBAA25362C93B88B00ED9372 /* HorizontalChartDragModifier.swift */,
				FBAA25382C93BA9700ED9372 /* VerticalChartDragModifier.swift */,
			);
			path = modifier;
			sourceTree = "<group>";
		};
		FBD85F5B2C8E4DEB007A8650 /* chartView */ = {
			isa = PBXGroup;
			children = (
				FBAA25352C93B87400ED9372 /* modifier */,
				FBAA25322C93B19B00ED9372 /* horizontalChart */,
				FBAA25312C93B19100ED9372 /* verticalChart */,
				FB7E69182C8FC508001CB804 /* component */,
				FBD85F682C8E5438007A8650 /* helper */,
			);
			path = chartView;
			sourceTree = "<group>";
		};
		FBD85F682C8E5438007A8650 /* helper */ = {
			isa = PBXGroup;
			children = (
				FBD85F692C8E544E007A8650 /* ChartValueHelper.swift */,
			);
			path = helper;
			sourceTree = "<group>";
		};
/* End PBXGroup section */

/* Begin PBXNativeTarget section */
		FB8D1BAA2C8D552300A74EA3 /* Exploring Charts */ = {
			isa = PBXNativeTarget;
			buildConfigurationList = FB8D1BD02C8D552400A74EA3 /* Build configuration list for PBXNativeTarget "Exploring Charts" */;
			buildPhases = (
				FB8D1BA72C8D552300A74EA3 /* Sources */,
				FB8D1BA82C8D552300A74EA3 /* Frameworks */,
				FB8D1BA92C8D552300A74EA3 /* Resources */,
			);
			buildRules = (
			);
			dependencies = (
			);
			name = "Exploring Charts";
			productName = "Exploring Charts";
			productReference = FB8D1BAB2C8D552300A74EA3 /* Exploring Charts.app */;
			productType = "com.apple.product-type.application";
		};
		FB8D1BBB2C8D552400A74EA3 /* Exploring ChartsTests */ = {
			isa = PBXNativeTarget;
			buildConfigurationList = FB8D1BD32C8D552400A74EA3 /* Build configuration list for PBXNativeTarget "Exploring ChartsTests" */;
			buildPhases = (
				FB8D1BB82C8D552400A74EA3 /* Sources */,
				FB8D1BB92C8D552400A74EA3 /* Frameworks */,
				FB8D1BBA2C8D552400A74EA3 /* Resources */,
			);
			buildRules = (
			);
			dependencies = (
				FB8D1BBE2C8D552400A74EA3 /* PBXTargetDependency */,
			);
			name = "Exploring ChartsTests";
			productName = "Exploring ChartsTests";
			productReference = FB8D1BBC2C8D552400A74EA3 /* Exploring ChartsTests.xctest */;
			productType = "com.apple.product-type.bundle.unit-test";
		};
		FB8D1BC52C8D552400A74EA3 /* Exploring ChartsUITests */ = {
			isa = PBXNativeTarget;
			buildConfigurationList = FB8D1BD62C8D552400A74EA3 /* Build configuration list for PBXNativeTarget "Exploring ChartsUITests" */;
			buildPhases = (
				FB8D1BC22C8D552400A74EA3 /* Sources */,
				FB8D1BC32C8D552400A74EA3 /* Frameworks */,
				FB8D1BC42C8D552400A74EA3 /* Resources */,
			);
			buildRules = (
			);
			dependencies = (
				FB8D1BC82C8D552400A74EA3 /* PBXTargetDependency */,
			);
			name = "Exploring ChartsUITests";
			productName = "Exploring ChartsUITests";
			productReference = FB8D1BC62C8D552400A74EA3 /* Exploring ChartsUITests.xctest */;
			productType = "com.apple.product-type.bundle.ui-testing";
		};
/* End PBXNativeTarget section */

/* Begin PBXProject section */
		FB8D1BA32C8D552300A74EA3 /* Project object */ = {
			isa = PBXProject;
			attributes = {
				BuildIndependentTargetsInParallel = 1;
				LastSwiftUpdateCheck = 1540;
				LastUpgradeCheck = 1540;
				TargetAttributes = {
					FB8D1BAA2C8D552300A74EA3 = {
						CreatedOnToolsVersion = 15.4;
					};
					FB8D1BBB2C8D552400A74EA3 = {
						CreatedOnToolsVersion = 15.4;
						TestTargetID = FB8D1BAA2C8D552300A74EA3;
					};
					FB8D1BC52C8D552400A74EA3 = {
						CreatedOnToolsVersion = 15.4;
						TestTargetID = FB8D1BAA2C8D552300A74EA3;
					};
				};
			};
			buildConfigurationList = FB8D1BA62C8D552300A74EA3 /* Build configuration list for PBXProject "Exploring Charts" */;
			compatibilityVersion = "Xcode 14.0";
			developmentRegion = en;
			hasScannedForEncodings = 0;
			knownRegions = (
				en,
				Base,
			);
			mainGroup = FB8D1BA22C8D552300A74EA3;
			productRefGroup = FB8D1BAC2C8D552300A74EA3 /* Products */;
			projectDirPath = "";
			projectRoot = "";
			targets = (
				FB8D1BAA2C8D552300A74EA3 /* Exploring Charts */,
				FB8D1BBB2C8D552400A74EA3 /* Exploring ChartsTests */,
				FB8D1BC52C8D552400A74EA3 /* Exploring ChartsUITests */,
			);
		};
/* End PBXProject section */

/* Begin PBXResourcesBuildPhase section */
		FB8D1BA92C8D552300A74EA3 /* Resources */ = {
			isa = PBXResourcesBuildPhase;
			buildActionMask = 2147483647;
			files = (
				FB8D1BB72C8D552400A74EA3 /* Preview Assets.xcassets in Resources */,
				FB8D1BB32C8D552400A74EA3 /* Assets.xcassets in Resources */,
			);
			runOnlyForDeploymentPostprocessing = 0;
		};
		FB8D1BBA2C8D552400A74EA3 /* Resources */ = {
			isa = PBXResourcesBuildPhase;
			buildActionMask = 2147483647;
			files = (
			);
			runOnlyForDeploymentPostprocessing = 0;
		};
		FB8D1BC42C8D552400A74EA3 /* Resources */ = {
			isa = PBXResourcesBuildPhase;
			buildActionMask = 2147483647;
			files = (
			);
			runOnlyForDeploymentPostprocessing = 0;
		};
/* End PBXResourcesBuildPhase section */

/* Begin PBXSourcesBuildPhase section */
		FB8D1BA72C8D552300A74EA3 /* Sources */ = {
			isa = PBXSourcesBuildPhase;
			buildActionMask = 2147483647;
			files = (
				FBD85F612C8E53DE007A8650 /* AreaChartHorizontalView.swift in Sources */,
				FB9EAA742C940F7E00BE8E2D /* DefaultColor.swift in Sources */,
				FB209F9C2C8F9BB400642377 /* ButtonAlignmentModel.swift in Sources */,
				FB8D1BE42C8D591400A74EA3 /* ColorfulButtonView.swift in Sources */,
				FB8D1BE62C8D593A00A74EA3 /* RandomArcFromColorsView.swift in Sources */,
				FBD85F6A2C8E544E007A8650 /* ChartValueHelper.swift in Sources */,
				FB7177E42C8D8800006E9826 /* ChartDemo2.swift in Sources */,
				FBD85F5F2C8E4E50007A8650 /* BarChartVerticalView.swift in Sources */,
				FB31E1142C8F01B400354509 /* RightChartButtonView.swift in Sources */,
				FBAA25372C93B88B00ED9372 /* HorizontalChartDragModifier.swift in Sources */,
				FB7177E62C8D9201006E9826 /* ChartDemo3.swift in Sources */,
				FB8D1BB12C8D552300A74EA3 /* ContentView.swift in Sources */,
				FB8D1BE82C8D597E00A74EA3 /* ArcView.swift in Sources */,
				FBD85F5D2C8E4E1E007A8650 /* BarChartHorizontalView.swift in Sources */,
				FB7E88032C8DA566007BE5D5 /* ChartType.swift in Sources */,
				FBD85F632C8E53F2007A8650 /* LineAreaChartHorizontalView.swift in Sources */,
				FB31E1162C8F055400354509 /* TitleAlignmentButton.swift in Sources */,
				FB31E1122C8EFE3700354509 /* LeftChartButtonView.swift in Sources */,
				FB8D1BEA2C8D599700A74EA3 /* ChartDemo1.swift in Sources */,
				FB49E3782C9036F0000E064F /* ChartItemModel.swift in Sources */,
				FB7E691A2C8FC51B001CB804 /* RuleMarkVerticalView.swift in Sources */,
				FBE49B9D2C93114B00100DCB /* RuleMarkHorizontalView.swift in Sources */,
				FB7177E22C8D805E006E9826 /* BorderedRectangleView.swift in Sources */,
				FB8D1BAF2C8D552300A74EA3 /* Exploring_ChartsApp.swift in Sources */,
				FB8D1BDE2C8D558000A74EA3 /* ColorExtensions.swift in Sources */,
				FBD85F672C8E5416007A8650 /* LineAreaChartVerticalView.swift in Sources */,
				FBD85F652C8E5404007A8650 /* AreaChartVerticalView.swift in Sources */,
				FB31E1102C8EFD1200354509 /* ChartDemo4.swift in Sources */,
				FBAA25392C93BA9700ED9372 /* VerticalChartDragModifier.swift in Sources */,
				FB7177E82C8D9238006E9826 /* DailySalesType.swift in Sources */,
				FBAA25342C93B45500ED9372 /* AnnotateLineAreaGraph.swift in Sources */,
			);
			runOnlyForDeploymentPostprocessing = 0;
		};
		FB8D1BB82C8D552400A74EA3 /* Sources */ = {
			isa = PBXSourcesBuildPhase;
			buildActionMask = 2147483647;
			files = (
				FB8D1BC12C8D552400A74EA3 /* Exploring_ChartsTests.swift in Sources */,
			);
			runOnlyForDeploymentPostprocessing = 0;
		};
		FB8D1BC22C8D552400A74EA3 /* Sources */ = {
			isa = PBXSourcesBuildPhase;
			buildActionMask = 2147483647;
			files = (
				FB8D1BCD2C8D552400A74EA3 /* Exploring_ChartsUITestsLaunchTests.swift in Sources */,
				FB8D1BCB2C8D552400A74EA3 /* Exploring_ChartsUITests.swift in Sources */,
			);
			runOnlyForDeploymentPostprocessing = 0;
		};
/* End PBXSourcesBuildPhase section */

/* Begin PBXTargetDependency section */
		FB8D1BBE2C8D552400A74EA3 /* PBXTargetDependency */ = {
			isa = PBXTargetDependency;
			target = FB8D1BAA2C8D552300A74EA3 /* Exploring Charts */;
			targetProxy = FB8D1BBD2C8D552400A74EA3 /* PBXContainerItemProxy */;
		};
		FB8D1BC82C8D552400A74EA3 /* PBXTargetDependency */ = {
			isa = PBXTargetDependency;
			target = FB8D1BAA2C8D552300A74EA3 /* Exploring Charts */;
			targetProxy = FB8D1BC72C8D552400A74EA3 /* PBXContainerItemProxy */;
		};
/* End PBXTargetDependency section */

/* Begin XCBuildConfiguration section */
		FB8D1BCE2C8D552400A74EA3 /* Debug */ = {
			isa = XCBuildConfiguration;
			buildSettings = {
				ALWAYS_SEARCH_USER_PATHS = NO;
				ASSETCATALOG_COMPILER_GENERATE_SWIFT_ASSET_SYMBOL_EXTENSIONS = YES;
				CLANG_ANALYZER_NONNULL = YES;
				CLANG_ANALYZER_NUMBER_OBJECT_CONVERSION = YES_AGGRESSIVE;
				CLANG_CXX_LANGUAGE_STANDARD = "gnu++20";
				CLANG_ENABLE_MODULES = YES;
				CLANG_ENABLE_OBJC_ARC = YES;
				CLANG_ENABLE_OBJC_WEAK = YES;
				CLANG_WARN_BLOCK_CAPTURE_AUTORELEASING = YES;
				CLANG_WARN_BOOL_CONVERSION = YES;
				CLANG_WARN_COMMA = YES;
				CLANG_WARN_CONSTANT_CONVERSION = YES;
				CLANG_WARN_DEPRECATED_OBJC_IMPLEMENTATIONS = YES;
				CLANG_WARN_DIRECT_OBJC_ISA_USAGE = YES_ERROR;
				CLANG_WARN_DOCUMENTATION_COMMENTS = YES;
				CLANG_WARN_EMPTY_BODY = YES;
				CLANG_WARN_ENUM_CONVERSION = YES;
				CLANG_WARN_INFINITE_RECURSION = YES;
				CLANG_WARN_INT_CONVERSION = YES;
				CLANG_WARN_NON_LITERAL_NULL_CONVERSION = YES;
				CLANG_WARN_OBJC_IMPLICIT_RETAIN_SELF = YES;
				CLANG_WARN_OBJC_LITERAL_CONVERSION = YES;
				CLANG_WARN_OBJC_ROOT_CLASS = YES_ERROR;
				CLANG_WARN_QUOTED_INCLUDE_IN_FRAMEWORK_HEADER = YES;
				CLANG_WARN_RANGE_LOOP_ANALYSIS = YES;
				CLANG_WARN_STRICT_PROTOTYPES = YES;
				CLANG_WARN_SUSPICIOUS_MOVE = YES;
				CLANG_WARN_UNGUARDED_AVAILABILITY = YES_AGGRESSIVE;
				CLANG_WARN_UNREACHABLE_CODE = YES;
				CLANG_WARN__DUPLICATE_METHOD_MATCH = YES;
				COPY_PHASE_STRIP = NO;
				DEBUG_INFORMATION_FORMAT = dwarf;
				ENABLE_STRICT_OBJC_MSGSEND = YES;
				ENABLE_TESTABILITY = YES;
				ENABLE_USER_SCRIPT_SANDBOXING = YES;
				GCC_C_LANGUAGE_STANDARD = gnu17;
				GCC_DYNAMIC_NO_PIC = NO;
				GCC_NO_COMMON_BLOCKS = YES;
				GCC_OPTIMIZATION_LEVEL = 0;
				GCC_PREPROCESSOR_DEFINITIONS = (
					"DEBUG=1",
					"$(inherited)",
				);
				GCC_WARN_64_TO_32_BIT_CONVERSION = YES;
				GCC_WARN_ABOUT_RETURN_TYPE = YES_ERROR;
				GCC_WARN_UNDECLARED_SELECTOR = YES;
				GCC_WARN_UNINITIALIZED_AUTOS = YES_AGGRESSIVE;
				GCC_WARN_UNUSED_FUNCTION = YES;
				GCC_WARN_UNUSED_VARIABLE = YES;
				LOCALIZATION_PREFERS_STRING_CATALOGS = YES;
				MTL_ENABLE_DEBUG_INFO = INCLUDE_SOURCE;
				MTL_FAST_MATH = YES;
				ONLY_ACTIVE_ARCH = YES;
				SWIFT_ACTIVE_COMPILATION_CONDITIONS = "DEBUG $(inherited)";
				SWIFT_OPTIMIZATION_LEVEL = "-Onone";
			};
			name = Debug;
		};
		FB8D1BCF2C8D552400A74EA3 /* Release */ = {
			isa = XCBuildConfiguration;
			buildSettings = {
				ALWAYS_SEARCH_USER_PATHS = NO;
				ASSETCATALOG_COMPILER_GENERATE_SWIFT_ASSET_SYMBOL_EXTENSIONS = YES;
				CLANG_ANALYZER_NONNULL = YES;
				CLANG_ANALYZER_NUMBER_OBJECT_CONVERSION = YES_AGGRESSIVE;
				CLANG_CXX_LANGUAGE_STANDARD = "gnu++20";
				CLANG_ENABLE_MODULES = YES;
				CLANG_ENABLE_OBJC_ARC = YES;
				CLANG_ENABLE_OBJC_WEAK = YES;
				CLANG_WARN_BLOCK_CAPTURE_AUTORELEASING = YES;
				CLANG_WARN_BOOL_CONVERSION = YES;
				CLANG_WARN_COMMA = YES;
				CLANG_WARN_CONSTANT_CONVERSION = YES;
				CLANG_WARN_DEPRECATED_OBJC_IMPLEMENTATIONS = YES;
				CLANG_WARN_DIRECT_OBJC_ISA_USAGE = YES_ERROR;
				CLANG_WARN_DOCUMENTATION_COMMENTS = YES;
				CLANG_WARN_EMPTY_BODY = YES;
				CLANG_WARN_ENUM_CONVERSION = YES;
				CLANG_WARN_INFINITE_RECURSION = YES;
				CLANG_WARN_INT_CONVERSION = YES;
				CLANG_WARN_NON_LITERAL_NULL_CONVERSION = YES;
				CLANG_WARN_OBJC_IMPLICIT_RETAIN_SELF = YES;
				CLANG_WARN_OBJC_LITERAL_CONVERSION = YES;
				CLANG_WARN_OBJC_ROOT_CLASS = YES_ERROR;
				CLANG_WARN_QUOTED_INCLUDE_IN_FRAMEWORK_HEADER = YES;
				CLANG_WARN_RANGE_LOOP_ANALYSIS = YES;
				CLANG_WARN_STRICT_PROTOTYPES = YES;
				CLANG_WARN_SUSPICIOUS_MOVE = YES;
				CLANG_WARN_UNGUARDED_AVAILABILITY = YES_AGGRESSIVE;
				CLANG_WARN_UNREACHABLE_CODE = YES;
				CLANG_WARN__DUPLICATE_METHOD_MATCH = YES;
				COPY_PHASE_STRIP = NO;
				DEBUG_INFORMATION_FORMAT = "dwarf-with-dsym";
				ENABLE_NS_ASSERTIONS = NO;
				ENABLE_STRICT_OBJC_MSGSEND = YES;
				ENABLE_USER_SCRIPT_SANDBOXING = YES;
				GCC_C_LANGUAGE_STANDARD = gnu17;
				GCC_NO_COMMON_BLOCKS = YES;
				GCC_WARN_64_TO_32_BIT_CONVERSION = YES;
				GCC_WARN_ABOUT_RETURN_TYPE = YES_ERROR;
				GCC_WARN_UNDECLARED_SELECTOR = YES;
				GCC_WARN_UNINITIALIZED_AUTOS = YES_AGGRESSIVE;
				GCC_WARN_UNUSED_FUNCTION = YES;
				GCC_WARN_UNUSED_VARIABLE = YES;
				LOCALIZATION_PREFERS_STRING_CATALOGS = YES;
				MTL_ENABLE_DEBUG_INFO = NO;
				MTL_FAST_MATH = YES;
				SWIFT_COMPILATION_MODE = wholemodule;
			};
			name = Release;
		};
		FB8D1BD12C8D552400A74EA3 /* Debug */ = {
			isa = XCBuildConfiguration;
			buildSettings = {
				ASSETCATALOG_COMPILER_APPICON_NAME = AppIcon;
				ASSETCATALOG_COMPILER_GLOBAL_ACCENT_COLOR_NAME = AccentColor;
				CODE_SIGN_ENTITLEMENTS = "Exploring Charts/Exploring_Charts.entitlements";
				CODE_SIGN_STYLE = Automatic;
				CURRENT_PROJECT_VERSION = 1;
				DEVELOPMENT_ASSET_PATHS = "\"Exploring Charts/Preview Content\"";
				DEVELOPMENT_TEAM = RF2V894835;
				ENABLE_HARDENED_RUNTIME = YES;
				ENABLE_PREVIEWS = YES;
				GENERATE_INFOPLIST_FILE = YES;
				"INFOPLIST_KEY_UIApplicationSceneManifest_Generation[sdk=iphoneos*]" = YES;
				"INFOPLIST_KEY_UIApplicationSceneManifest_Generation[sdk=iphonesimulator*]" = YES;
				"INFOPLIST_KEY_UIApplicationSupportsIndirectInputEvents[sdk=iphoneos*]" = YES;
				"INFOPLIST_KEY_UIApplicationSupportsIndirectInputEvents[sdk=iphonesimulator*]" = YES;
				"INFOPLIST_KEY_UILaunchScreen_Generation[sdk=iphoneos*]" = YES;
				"INFOPLIST_KEY_UILaunchScreen_Generation[sdk=iphonesimulator*]" = YES;
				"INFOPLIST_KEY_UIStatusBarStyle[sdk=iphoneos*]" = UIStatusBarStyleDefault;
				"INFOPLIST_KEY_UIStatusBarStyle[sdk=iphonesimulator*]" = UIStatusBarStyleDefault;
				INFOPLIST_KEY_UISupportedInterfaceOrientations_iPad = "UIInterfaceOrientationPortrait UIInterfaceOrientationPortraitUpsideDown UIInterfaceOrientationLandscapeLeft UIInterfaceOrientationLandscapeRight";
				INFOPLIST_KEY_UISupportedInterfaceOrientations_iPhone = "UIInterfaceOrientationPortrait UIInterfaceOrientationLandscapeLeft UIInterfaceOrientationLandscapeRight";
				IPHONEOS_DEPLOYMENT_TARGET = 17.5;
				LD_RUNPATH_SEARCH_PATHS = "@executable_path/Frameworks";
				"LD_RUNPATH_SEARCH_PATHS[sdk=macosx*]" = "@executable_path/../Frameworks";
				MACOSX_DEPLOYMENT_TARGET = 14.5;
				MARKETING_VERSION = 1.0;
				PRODUCT_BUNDLE_IDENTIFIER = "com.kakapo.Exploring-Charts";
				PRODUCT_NAME = "$(TARGET_NAME)";
				SDKROOT = auto;
				SUPPORTED_PLATFORMS = "iphoneos iphonesimulator macosx";
				SWIFT_EMIT_LOC_STRINGS = YES;
				SWIFT_VERSION = 5.0;
				TARGETED_DEVICE_FAMILY = "1,2";
			};
			name = Debug;
		};
		FB8D1BD22C8D552400A74EA3 /* Release */ = {
			isa = XCBuildConfiguration;
			buildSettings = {
				ASSETCATALOG_COMPILER_APPICON_NAME = AppIcon;
				ASSETCATALOG_COMPILER_GLOBAL_ACCENT_COLOR_NAME = AccentColor;
				CODE_SIGN_ENTITLEMENTS = "Exploring Charts/Exploring_Charts.entitlements";
				CODE_SIGN_STYLE = Automatic;
				CURRENT_PROJECT_VERSION = 1;
				DEVELOPMENT_ASSET_PATHS = "\"Exploring Charts/Preview Content\"";
				DEVELOPMENT_TEAM = RF2V894835;
				ENABLE_HARDENED_RUNTIME = YES;
				ENABLE_PREVIEWS = YES;
				GENERATE_INFOPLIST_FILE = YES;
				"INFOPLIST_KEY_UIApplicationSceneManifest_Generation[sdk=iphoneos*]" = YES;
				"INFOPLIST_KEY_UIApplicationSceneManifest_Generation[sdk=iphonesimulator*]" = YES;
				"INFOPLIST_KEY_UIApplicationSupportsIndirectInputEvents[sdk=iphoneos*]" = YES;
				"INFOPLIST_KEY_UIApplicationSupportsIndirectInputEvents[sdk=iphonesimulator*]" = YES;
				"INFOPLIST_KEY_UILaunchScreen_Generation[sdk=iphoneos*]" = YES;
				"INFOPLIST_KEY_UILaunchScreen_Generation[sdk=iphonesimulator*]" = YES;
				"INFOPLIST_KEY_UIStatusBarStyle[sdk=iphoneos*]" = UIStatusBarStyleDefault;
				"INFOPLIST_KEY_UIStatusBarStyle[sdk=iphonesimulator*]" = UIStatusBarStyleDefault;
				INFOPLIST_KEY_UISupportedInterfaceOrientations_iPad = "UIInterfaceOrientationPortrait UIInterfaceOrientationPortraitUpsideDown UIInterfaceOrientationLandscapeLeft UIInterfaceOrientationLandscapeRight";
				INFOPLIST_KEY_UISupportedInterfaceOrientations_iPhone = "UIInterfaceOrientationPortrait UIInterfaceOrientationLandscapeLeft UIInterfaceOrientationLandscapeRight";
				IPHONEOS_DEPLOYMENT_TARGET = 17.5;
				LD_RUNPATH_SEARCH_PATHS = "@executable_path/Frameworks";
				"LD_RUNPATH_SEARCH_PATHS[sdk=macosx*]" = "@executable_path/../Frameworks";
				MACOSX_DEPLOYMENT_TARGET = 14.5;
				MARKETING_VERSION = 1.0;
				PRODUCT_BUNDLE_IDENTIFIER = "com.kakapo.Exploring-Charts";
				PRODUCT_NAME = "$(TARGET_NAME)";
				SDKROOT = auto;
				SUPPORTED_PLATFORMS = "iphoneos iphonesimulator macosx";
				SWIFT_EMIT_LOC_STRINGS = YES;
				SWIFT_VERSION = 5.0;
				TARGETED_DEVICE_FAMILY = "1,2";
			};
			name = Release;
		};
		FB8D1BD42C8D552400A74EA3 /* Debug */ = {
			isa = XCBuildConfiguration;
			buildSettings = {
				ALWAYS_EMBED_SWIFT_STANDARD_LIBRARIES = YES;
				BUNDLE_LOADER = "$(TEST_HOST)";
				CODE_SIGN_STYLE = Automatic;
				CURRENT_PROJECT_VERSION = 1;
				DEVELOPMENT_TEAM = RF2V894835;
				GENERATE_INFOPLIST_FILE = YES;
				IPHONEOS_DEPLOYMENT_TARGET = 17.5;
				MACOSX_DEPLOYMENT_TARGET = 14.5;
				MARKETING_VERSION = 1.0;
				PRODUCT_BUNDLE_IDENTIFIER = "com.kakapo.Exploring-ChartsTests";
				PRODUCT_NAME = "$(TARGET_NAME)";
				SDKROOT = auto;
				SUPPORTED_PLATFORMS = "iphoneos iphonesimulator macosx";
				SWIFT_EMIT_LOC_STRINGS = NO;
				SWIFT_VERSION = 5.0;
				TARGETED_DEVICE_FAMILY = "1,2";
				TEST_HOST = "$(BUILT_PRODUCTS_DIR)/Exploring Charts.app/$(BUNDLE_EXECUTABLE_FOLDER_PATH)/Exploring Charts";
			};
			name = Debug;
		};
		FB8D1BD52C8D552400A74EA3 /* Release */ = {
			isa = XCBuildConfiguration;
			buildSettings = {
				ALWAYS_EMBED_SWIFT_STANDARD_LIBRARIES = YES;
				BUNDLE_LOADER = "$(TEST_HOST)";
				CODE_SIGN_STYLE = Automatic;
				CURRENT_PROJECT_VERSION = 1;
				DEVELOPMENT_TEAM = RF2V894835;
				GENERATE_INFOPLIST_FILE = YES;
				IPHONEOS_DEPLOYMENT_TARGET = 17.5;
				MACOSX_DEPLOYMENT_TARGET = 14.5;
				MARKETING_VERSION = 1.0;
				PRODUCT_BUNDLE_IDENTIFIER = "com.kakapo.Exploring-ChartsTests";
				PRODUCT_NAME = "$(TARGET_NAME)";
				SDKROOT = auto;
				SUPPORTED_PLATFORMS = "iphoneos iphonesimulator macosx";
				SWIFT_EMIT_LOC_STRINGS = NO;
				SWIFT_VERSION = 5.0;
				TARGETED_DEVICE_FAMILY = "1,2";
				TEST_HOST = "$(BUILT_PRODUCTS_DIR)/Exploring Charts.app/$(BUNDLE_EXECUTABLE_FOLDER_PATH)/Exploring Charts";
			};
			name = Release;
		};
		FB8D1BD72C8D552400A74EA3 /* Debug */ = {
			isa = XCBuildConfiguration;
			buildSettings = {
				ALWAYS_EMBED_SWIFT_STANDARD_LIBRARIES = YES;
				CODE_SIGN_STYLE = Automatic;
				CURRENT_PROJECT_VERSION = 1;
				DEVELOPMENT_TEAM = RF2V894835;
				GENERATE_INFOPLIST_FILE = YES;
				IPHONEOS_DEPLOYMENT_TARGET = 17.5;
				MACOSX_DEPLOYMENT_TARGET = 14.5;
				MARKETING_VERSION = 1.0;
				PRODUCT_BUNDLE_IDENTIFIER = "com.kakapo.Exploring-ChartsUITests";
				PRODUCT_NAME = "$(TARGET_NAME)";
				SDKROOT = auto;
				SUPPORTED_PLATFORMS = "iphoneos iphonesimulator macosx";
				SWIFT_EMIT_LOC_STRINGS = NO;
				SWIFT_VERSION = 5.0;
				TARGETED_DEVICE_FAMILY = "1,2";
				TEST_TARGET_NAME = "Exploring Charts";
			};
			name = Debug;
		};
		FB8D1BD82C8D552400A74EA3 /* Release */ = {
			isa = XCBuildConfiguration;
			buildSettings = {
				ALWAYS_EMBED_SWIFT_STANDARD_LIBRARIES = YES;
				CODE_SIGN_STYLE = Automatic;
				CURRENT_PROJECT_VERSION = 1;
				DEVELOPMENT_TEAM = RF2V894835;
				GENERATE_INFOPLIST_FILE = YES;
				IPHONEOS_DEPLOYMENT_TARGET = 17.5;
				MACOSX_DEPLOYMENT_TARGET = 14.5;
				MARKETING_VERSION = 1.0;
				PRODUCT_BUNDLE_IDENTIFIER = "com.kakapo.Exploring-ChartsUITests";
				PRODUCT_NAME = "$(TARGET_NAME)";
				SDKROOT = auto;
				SUPPORTED_PLATFORMS = "iphoneos iphonesimulator macosx";
				SWIFT_EMIT_LOC_STRINGS = NO;
				SWIFT_VERSION = 5.0;
				TARGETED_DEVICE_FAMILY = "1,2";
				TEST_TARGET_NAME = "Exploring Charts";
			};
			name = Release;
		};
/* End XCBuildConfiguration section */

/* Begin XCConfigurationList section */
		FB8D1BA62C8D552300A74EA3 /* Build configuration list for PBXProject "Exploring Charts" */ = {
			isa = XCConfigurationList;
			buildConfigurations = (
				FB8D1BCE2C8D552400A74EA3 /* Debug */,
				FB8D1BCF2C8D552400A74EA3 /* Release */,
			);
			defaultConfigurationIsVisible = 0;
			defaultConfigurationName = Release;
		};
		FB8D1BD02C8D552400A74EA3 /* Build configuration list for PBXNativeTarget "Exploring Charts" */ = {
			isa = XCConfigurationList;
			buildConfigurations = (
				FB8D1BD12C8D552400A74EA3 /* Debug */,
				FB8D1BD22C8D552400A74EA3 /* Release */,
			);
			defaultConfigurationIsVisible = 0;
			defaultConfigurationName = Release;
		};
		FB8D1BD32C8D552400A74EA3 /* Build configuration list for PBXNativeTarget "Exploring ChartsTests" */ = {
			isa = XCConfigurationList;
			buildConfigurations = (
				FB8D1BD42C8D552400A74EA3 /* Debug */,
				FB8D1BD52C8D552400A74EA3 /* Release */,
			);
			defaultConfigurationIsVisible = 0;
			defaultConfigurationName = Release;
		};
		FB8D1BD62C8D552400A74EA3 /* Build configuration list for PBXNativeTarget "Exploring ChartsUITests" */ = {
			isa = XCConfigurationList;
			buildConfigurations = (
				FB8D1BD72C8D552400A74EA3 /* Debug */,
				FB8D1BD82C8D552400A74EA3 /* Release */,
			);
			defaultConfigurationIsVisible = 0;
			defaultConfigurationName = Release;
		};
/* End XCConfigurationList section */
	};
	rootObject = FB8D1BA32C8D552300A74EA3 /* Project object */;
}
